{
  "version": "4",
  "specifiers": {
    "jsr:@hono/hono@^4.6.5": "4.6.5",
    "npm:nanoid@*": "5.0.8",
    "npm:nanoid@^5.0.8": "5.0.8"
  },
  "jsr": {
    "@hono/hono@4.6.5": {
      "integrity": "68efe4a0ab7c4fb082cb71aa894a25e1c6cfad6d124dc943471e6758a7a1bdee"
    }
  },
  "npm": {
    "nanoid@5.0.8": {
      "integrity": "sha512-TcJPw+9RV9dibz1hHUzlLVy8N4X9TnwirAjrU08Juo6BNKggzVfP2ZJ/3ZUSq15Xl5i85i+Z89XBO90pB2PghQ=="
    }
  },
  "workspace": {
    "dependencies": [
      "jsr:@hono/hono@^4.6.5",
      "npm:nanoid@^5.0.8"
    ]
  }
}
